
Microsoft Visual Studio Solution File, Format Version 12.00
# Visual Studio 2013
VisualStudioVersion = 12.0.21005.1
MinimumVisualStudioVersion = 10.0.40219.1
Project("{FAE04EC0-301F-11D3-BF4B-00C04F79EFBC}") = "LrsitodUI", "LrsitodUI\LrsitodUI.csproj", "{A7940A7E-B517-4525-8C5C-E2EFC34FCCAB}"
EndProject
Project("{FAE04EC0-301F-11D3-BF4B-00C04F79EFBC}") = "LrsitodUI_Test", "LrsitodUI_Test\LrsitodUI_Test.csproj", "{550794B3-9DBE-476B-80BA-403EF9293F4B}"
EndProject
Global
	GlobalSection(SolutionConfigurationPlatforms) = preSolution
		Debug|Any CPU = Debug|Any CPU
		Release|Any CPU = Release|Any CPU
	EndGlobalSection
	GlobalSection(ProjectConfigurationPlatforms) = postSolution
		{A7940A7E-B517-4525-8C5C-E2EFC34FCCAB}.Debug|Any CPU.ActiveCfg = Debug|Any CPU
		{A7940A7E-B517-4525-8C5C-E2EFC34FCCAB}.Debug|Any CPU.Build.0 = Debug|Any CPU
		{A7940A7E-B517-4525-8C5C-E2EFC34FCCAB}.Release|Any CPU.ActiveCfg = Release|Any CPU
		{A7940A7E-B517-4525-8C5C-E2EFC34FCCAB}.Release|Any CPU.Build.0 = Release|Any CPU
		{550794B3-9DBE-476B-80BA-403EF9293F4B}.Debug|Any CPU.ActiveCfg = Debug|Any CPU
		{550794B3-9DBE-476B-80BA-403EF9293F4B}.Debug|Any CPU.Build.0 = Debug|Any CPU
		{550794B3-9DBE-476B-80BA-403EF9293F4B}.Release|Any CPU.ActiveCfg = Release|Any CPU
		{550794B3-9DBE-476B-80BA-403EF9293F4B}.Release|Any CPU.Build.0 = Release|Any CPU
	EndGlobalSection
	GlobalSection(SolutionProperties) = preSolution
		HideSolutionNode = FALSE
	EndGlobalSection
EndGlobal
